{
  "version": 4,
  "terraform_version": "0.15.4",
  "serial": 163,
  "lineage": "e7f1dcd8-2d50-49e4-751e-8e82f2c7a4ff",
  "outputs": {
    "jjtechEC2": {
      "value": "54.177.37.171",
      "type": "string"
    },
    "jjtech_eip": {
      "value": "eipalloc-f8b0bef1",
      "type": "string"
    }
  },
  "resources": [
    {
      "mode": "managed",
      "type": "aws_ebs_volume",
      "name": "jjtechEBS",
      "provider": "provider[\"registry.terraform.io/hashicorp/aws\"]",
      "instances": [
        {
          "schema_version": 0,
          "attributes": {
            "arn": "arn:aws:ec2:us-west-1:817015909488:volume/vol-0c0f4dc3fbcd4deca",
            "availability_zone": "us-west-1b",
            "encrypted": false,
            "id": "vol-0c0f4dc3fbcd4deca",
            "iops": 120,
            "kms_key_id": "",
            "multi_attach_enabled": false,
            "outpost_arn": "",
            "size": 40,
            "snapshot_id": "",
            "tags": {
              "App_Name": "ovid",
              "App_role": "web server",
              "Application_ID": "197702",
              "Business_unit": "GBS",
              "Compliance": "pci",
              "Confidentiality": "Restricted",
              "Cost_center": "xyz222",
              "Customer": "students",
              "Environment": "dev",
              "Name": "jjtech",
              "Opt_in-Opt_out": "Yes",
              "Owner": "jespo_mbwoge@jjtechinc.co",
              "Project": "GBS"
            },
            "tags_all": {
              "App_Name": "ovid",
              "App_role": "web server",
              "Application_ID": "197702",
              "Business_unit": "GBS",
              "Compliance": "pci",
              "Confidentiality": "Restricted",
              "Cost_center": "xyz222",
              "Customer": "students",
              "Environment": "dev",
              "Name": "jjtech",
              "Opt_in-Opt_out": "Yes",
              "Owner": "jespo_mbwoge@jjtechinc.co",
              "Project": "GBS"
            },
            "throughput": 0,
            "type": "gp2"
          },
          "sensitive_attributes": [],
          "private": "bnVsbA=="
        }
      ]
    },
    {
      "mode": "managed",
      "type": "aws_eip",
      "name": "jjtechEip",
      "provider": "provider[\"registry.terraform.io/hashicorp/aws\"]",
      "instances": [
        {
          "schema_version": 0,
          "attributes": {
            "address": null,
            "allocation_id": null,
            "associate_with_private_ip": null,
            "association_id": "",
            "carrier_ip": "",
            "customer_owned_ip": "",
            "customer_owned_ipv4_pool": "",
            "domain": "vpc",
            "id": "eipalloc-f8b0bef1",
            "instance": "",
            "network_border_group": "us-west-1",
            "network_interface": "",
            "private_dns": null,
            "private_ip": "",
            "public_dns": "ec2-54-215-157-135.us-west-1.compute.amazonaws.com",
            "public_ip": "54.215.157.135",
            "public_ipv4_pool": "amazon",
            "tags": null,
            "tags_all": {},
            "timeouts": null,
            "vpc": true
          },
          "sensitive_attributes": [],
          "private": "eyJlMmJmYjczMC1lY2FhLTExZTYtOGY4OC0zNDM2M2JjN2M0YzAiOnsiZGVsZXRlIjoxODAwMDAwMDAwMDAsInJlYWQiOjkwMDAwMDAwMDAwMCwidXBkYXRlIjozMDAwMDAwMDAwMDB9fQ=="
        }
      ]
    },
    {
      "mode": "managed",
      "type": "aws_eip_association",
      "name": "eip_assoc",
      "provider": "provider[\"registry.terraform.io/hashicorp/aws\"]",
      "instances": [
        {
          "schema_version": 0,
          "attributes": {
            "allocation_id": "eipalloc-f8b0bef1",
            "allow_reassociation": null,
            "id": "eipassoc-0de0842d250da8c1a",
            "instance_id": "i-06e3c2848169cd1f2",
            "network_interface_id": "eni-0bdcdaff887ae1ed4",
            "private_ip_address": "172.31.22.239",
            "public_ip": "54.215.157.135"
          },
          "sensitive_attributes": [],
          "private": "bnVsbA==",
          "dependencies": [
            "aws_eip.jjtechEip",
            "aws_instance.jjtechweb"
          ]
        }
      ]
    },
    {
      "mode": "managed",
      "type": "aws_elb",
      "name": "bar",
      "provider": "provider[\"registry.terraform.io/hashicorp/aws\"]",
      "instances": [
        {
          "status": "tainted",
          "schema_version": 0,
          "attributes": {
            "access_logs": [
              {
                "bucket": "foo",
                "bucket_prefix": "bar",
                "enabled": true,
                "interval": 60
              }
            ],
            "arn": null,
            "availability_zones": [
              "us-west-1b",
              "us-west-1c"
            ],
            "connection_draining": true,
            "connection_draining_timeout": 400,
            "cross_zone_load_balancing": true,
            "dns_name": null,
            "health_check": [
              {
                "healthy_threshold": 2,
                "interval": 30,
                "target": "HTTP:8000/",
                "timeout": 3,
                "unhealthy_threshold": 2
              }
            ],
            "id": "my-elb",
            "idle_timeout": 400,
            "instances": [
              "i-06e3c2848169cd1f2"
            ],
            "internal": null,
            "listener": [
              {
                "instance_port": 8000,
                "instance_protocol": "http",
                "lb_port": 80,
                "lb_protocol": "http",
                "ssl_certificate_id": ""
              }
            ],
            "name": "my-elb",
            "name_prefix": null,
            "security_groups": [],
            "source_security_group": null,
            "source_security_group_id": null,
            "subnets": [],
            "tags": {
              "Name": "jjtech_elb"
            },
            "tags_all": {
              "Name": "jjtech_elb"
            },
            "zone_id": null
          },
          "sensitive_attributes": [],
          "private": "bnVsbA==",
          "dependencies": [
            "aws_instance.jjtechweb"
          ]
        }
      ]
    },
    {
      "mode": "managed",
      "type": "aws_iam_user",
      "name": "lb",
      "provider": "provider[\"registry.terraform.io/hashicorp/aws\"]",
      "instances": [
        {
          "schema_version": 0,
          "attributes": {
            "arn": "arn:aws:iam::817015909488:user/system/john",
            "force_destroy": false,
            "id": "john",
            "name": "john",
            "path": "/system/",
            "permissions_boundary": null,
            "tags": null,
            "tags_all": {},
            "unique_id": "AIDA34OPRNRYHDKLVYHWE"
          },
          "sensitive_attributes": [],
          "private": "bnVsbA=="
        }
      ]
    },
    {
      "mode": "managed",
      "type": "aws_instance",
      "name": "jjtechweb",
      "provider": "provider[\"registry.terraform.io/hashicorp/aws\"]",
      "instances": [
        {
          "schema_version": 1,
          "attributes": {
            "ami": "ami-04468e03c37242e1e",
            "arn": "arn:aws:ec2:us-west-1:817015909488:instance/i-06e3c2848169cd1f2",
            "associate_public_ip_address": true,
            "availability_zone": "us-west-1c",
            "capacity_reservation_specification": [
              {
                "capacity_reservation_preference": "open",
                "capacity_reservation_target": []
              }
            ],
            "cpu_core_count": 1,
            "cpu_threads_per_core": 1,
            "credit_specification": [
              {
                "cpu_credits": "standard"
              }
            ],
            "disable_api_termination": false,
            "ebs_block_device": [],
            "ebs_optimized": false,
            "enclave_options": [
              {
                "enabled": false
              }
            ],
            "ephemeral_block_device": [],
            "get_password_data": false,
            "hibernation": false,
            "host_id": null,
            "iam_instance_profile": "",
            "id": "i-06e3c2848169cd1f2",
            "instance_initiated_shutdown_behavior": "stop",
            "instance_state": "running",
            "instance_type": "t2.micro",
            "ipv6_address_count": 0,
            "ipv6_addresses": [],
            "key_name": "",
            "metadata_options": [
              {
                "http_endpoint": "enabled",
                "http_put_response_hop_limit": 1,
                "http_tokens": "optional"
              }
            ],
            "monitoring": false,
            "network_interface": [],
            "outpost_arn": "",
            "password_data": "",
            "placement_group": "",
            "primary_network_interface_id": "eni-0bdcdaff887ae1ed4",
            "private_dns": "ip-172-31-22-239.us-west-1.compute.internal",
            "private_ip": "172.31.22.239",
            "public_dns": "ec2-54-177-37-171.us-west-1.compute.amazonaws.com",
            "public_ip": "54.177.37.171",
            "root_block_device": [
              {
                "delete_on_termination": true,
                "device_name": "/dev/xvda",
                "encrypted": false,
                "iops": 100,
                "kms_key_id": "",
                "tags": {},
                "throughput": 0,
                "volume_id": "vol-06c9aa8d08e89618b",
                "volume_size": 8,
                "volume_type": "gp2"
              }
            ],
            "secondary_private_ips": [],
            "security_groups": [
              "default"
            ],
            "source_dest_check": true,
            "subnet_id": "subnet-07b03e61",
            "tags": {
              "App_Name": "ovid",
              "App_role": "web server",
              "Application_ID": "197702",
              "Business_unit": "GBS",
              "Compliance": "pci",
              "Confidentiality": "Restricted",
              "Cost_center": "xyz222",
              "Customer": "students",
              "Environment": "dev",
              "Name": "jjtech",
              "Opt_in-Opt_out": "Yes",
              "Owner": "jespo_mbwoge@jjtechinc.co",
              "Project": "GBS"
            },
            "tags_all": {
              "App_Name": "ovid",
              "App_role": "web server",
              "Application_ID": "197702",
              "Business_unit": "GBS",
              "Compliance": "pci",
              "Confidentiality": "Restricted",
              "Cost_center": "xyz222",
              "Customer": "students",
              "Environment": "dev",
              "Name": "jjtech",
              "Opt_in-Opt_out": "Yes",
              "Owner": "jespo_mbwoge@jjtechinc.co",
              "Project": "GBS"
            },
            "tenancy": "default",
            "timeouts": null,
            "user_data": null,
            "user_data_base64": null,
            "volume_tags": null,
            "vpc_security_group_ids": [
              "sg-b05262f8"
            ]
          },
          "sensitive_attributes": [],
          "private": "eyJlMmJmYjczMC1lY2FhLTExZTYtOGY4OC0zNDM2M2JjN2M0YzAiOnsiY3JlYXRlIjo2MDAwMDAwMDAwMDAsImRlbGV0ZSI6MTIwMDAwMDAwMDAwMCwidXBkYXRlIjo2MDAwMDAwMDAwMDB9LCJzY2hlbWFfdmVyc2lvbiI6IjEifQ=="
        }
      ]
    },
    {
      "mode": "managed",
      "type": "aws_instance",
      "name": "jjtechweb01",
      "provider": "provider[\"registry.terraform.io/hashicorp/aws\"]",
      "instances": [
        {
          "schema_version": 1,
          "attributes": {
            "ami": "ami-04468e03c37242e1e",
            "arn": "arn:aws:ec2:us-west-1:817015909488:instance/i-01ce62a40da55eaeb",
            "associate_public_ip_address": true,
            "availability_zone": "us-west-1c",
            "capacity_reservation_specification": [
              {
                "capacity_reservation_preference": "open",
                "capacity_reservation_target": []
              }
            ],
            "cpu_core_count": 1,
            "cpu_threads_per_core": 1,
            "credit_specification": [
              {
                "cpu_credits": "standard"
              }
            ],
            "disable_api_termination": false,
            "ebs_block_device": [],
            "ebs_optimized": false,
            "enclave_options": [
              {
                "enabled": false
              }
            ],
            "ephemeral_block_device": [],
            "get_password_data": false,
            "hibernation": false,
            "host_id": null,
            "iam_instance_profile": "",
            "id": "i-01ce62a40da55eaeb",
            "instance_initiated_shutdown_behavior": "stop",
            "instance_state": "running",
            "instance_type": "t2.micro",
            "ipv6_address_count": 0,
            "ipv6_addresses": [],
            "key_name": "",
            "metadata_options": [
              {
                "http_endpoint": "enabled",
                "http_put_response_hop_limit": 1,
                "http_tokens": "optional"
              }
            ],
            "monitoring": false,
            "network_interface": [],
            "outpost_arn": "",
            "password_data": "",
            "placement_group": "",
            "primary_network_interface_id": "eni-032dcaf6001c7053f",
            "private_dns": "ip-172-31-29-51.us-west-1.compute.internal",
            "private_ip": "172.31.29.51",
            "public_dns": "ec2-54-183-212-108.us-west-1.compute.amazonaws.com",
            "public_ip": "54.183.212.108",
            "root_block_device": [
              {
                "delete_on_termination": true,
                "device_name": "/dev/xvda",
                "encrypted": false,
                "iops": 100,
                "kms_key_id": "",
                "tags": {},
                "throughput": 0,
                "volume_id": "vol-000bec78684041059",
                "volume_size": 8,
                "volume_type": "gp2"
              }
            ],
            "secondary_private_ips": [],
            "security_groups": [
              "default"
            ],
            "source_dest_check": true,
            "subnet_id": "subnet-07b03e61",
            "tags": {
              "App_Name": "ovid",
              "App_role": "web server",
              "Application_ID": "197702",
              "Business_unit": "GBS",
              "Compliance": "pci",
              "Confidentiality": "Restricted",
              "Cost_center": "xyz222",
              "Customer": "students",
              "Environment": "dev",
              "Name": "jjtech",
              "Opt_in-Opt_out": "Yes",
              "Owner": "jespo_mbwoge@jjtechinc.co",
              "Project": "GBS"
            },
            "tags_all": {
              "App_Name": "ovid",
              "App_role": "web server",
              "Application_ID": "197702",
              "Business_unit": "GBS",
              "Compliance": "pci",
              "Confidentiality": "Restricted",
              "Cost_center": "xyz222",
              "Customer": "students",
              "Environment": "dev",
              "Name": "jjtech",
              "Opt_in-Opt_out": "Yes",
              "Owner": "jespo_mbwoge@jjtechinc.co",
              "Project": "GBS"
            },
            "tenancy": "default",
            "timeouts": null,
            "user_data": null,
            "user_data_base64": null,
            "volume_tags": null,
            "vpc_security_group_ids": [
              "sg-b05262f8"
            ]
          },
          "sensitive_attributes": [],
          "private": "eyJlMmJmYjczMC1lY2FhLTExZTYtOGY4OC0zNDM2M2JjN2M0YzAiOnsiY3JlYXRlIjo2MDAwMDAwMDAwMDAsImRlbGV0ZSI6MTIwMDAwMDAwMDAwMCwidXBkYXRlIjo2MDAwMDAwMDAwMDB9LCJzY2hlbWFfdmVyc2lvbiI6IjEifQ=="
        }
      ]
    },
    {
      "mode": "managed",
      "type": "aws_instance",
      "name": "jjtechweb02",
      "provider": "provider[\"registry.terraform.io/hashicorp/aws\"]",
      "instances": [
        {
          "schema_version": 1,
          "attributes": {
            "ami": "ami-04468e03c37242e1e",
            "arn": "arn:aws:ec2:us-west-1:817015909488:instance/i-0d4909b57c37a7e9d",
            "associate_public_ip_address": true,
            "availability_zone": "us-west-1c",
            "capacity_reservation_specification": [
              {
                "capacity_reservation_preference": "open",
                "capacity_reservation_target": []
              }
            ],
            "cpu_core_count": 1,
            "cpu_threads_per_core": 1,
            "credit_specification": [
              {
                "cpu_credits": "standard"
              }
            ],
            "disable_api_termination": false,
            "ebs_block_device": [],
            "ebs_optimized": false,
            "enclave_options": [
              {
                "enabled": false
              }
            ],
            "ephemeral_block_device": [],
            "get_password_data": false,
            "hibernation": false,
            "host_id": null,
            "iam_instance_profile": "",
            "id": "i-0d4909b57c37a7e9d",
            "instance_initiated_shutdown_behavior": "stop",
            "instance_state": "running",
            "instance_type": "t2.micro",
            "ipv6_address_count": 0,
            "ipv6_addresses": [],
            "key_name": "",
            "metadata_options": [
              {
                "http_endpoint": "enabled",
                "http_put_response_hop_limit": 1,
                "http_tokens": "optional"
              }
            ],
            "monitoring": false,
            "network_interface": [],
            "outpost_arn": "",
            "password_data": "",
            "placement_group": "",
            "primary_network_interface_id": "eni-04460ab047ef08bd4",
            "private_dns": "ip-172-31-29-219.us-west-1.compute.internal",
            "private_ip": "172.31.29.219",
            "public_dns": "ec2-54-183-185-11.us-west-1.compute.amazonaws.com",
            "public_ip": "54.183.185.11",
            "root_block_device": [
              {
                "delete_on_termination": true,
                "device_name": "/dev/xvda",
                "encrypted": false,
                "iops": 100,
                "kms_key_id": "",
                "tags": {},
                "throughput": 0,
                "volume_id": "vol-0eb27e89589bf952b",
                "volume_size": 8,
                "volume_type": "gp2"
              }
            ],
            "secondary_private_ips": [],
            "security_groups": [
              "default"
            ],
            "source_dest_check": true,
            "subnet_id": "subnet-07b03e61",
            "tags": {
              "App_Name": "ovid",
              "App_role": "web server",
              "Application_ID": "197702",
              "Business_unit": "GBS",
              "Compliance": "pci",
              "Confidentiality": "Restricted",
              "Cost_center": "xyz222",
              "Customer": "students",
              "Environment": "dev",
              "Name": "jjtech",
              "Opt_in-Opt_out": "Yes",
              "Owner": "jespo_mbwoge@jjtechinc.co",
              "Project": "GBS"
            },
            "tags_all": {
              "App_Name": "ovid",
              "App_role": "web server",
              "Application_ID": "197702",
              "Business_unit": "GBS",
              "Compliance": "pci",
              "Confidentiality": "Restricted",
              "Cost_center": "xyz222",
              "Customer": "students",
              "Environment": "dev",
              "Name": "jjtech",
              "Opt_in-Opt_out": "Yes",
              "Owner": "jespo_mbwoge@jjtechinc.co",
              "Project": "GBS"
            },
            "tenancy": "default",
            "timeouts": null,
            "user_data": null,
            "user_data_base64": null,
            "volume_tags": null,
            "vpc_security_group_ids": [
              "sg-b05262f8"
            ]
          },
          "sensitive_attributes": [],
          "private": "eyJlMmJmYjczMC1lY2FhLTExZTYtOGY4OC0zNDM2M2JjN2M0YzAiOnsiY3JlYXRlIjo2MDAwMDAwMDAwMDAsImRlbGV0ZSI6MTIwMDAwMDAwMDAwMCwidXBkYXRlIjo2MDAwMDAwMDAwMDB9LCJzY2hlbWFfdmVyc2lvbiI6IjEifQ=="
        }
      ]
    }
  ]
}
